
Microsoft Visual Studio Solution File, Format Version 12.00
# Visual Studio Version 16
VisualStudioVersion = 16.0.30320.27
MinimumVisualStudioVersion = 10.0.40219.1
Project("{9A19103F-16F7-4668-BE54-9A1E7A4F7556}") = "Bot", "Bot\Bot.csproj", "{AD056479-2C94-4DBB-B678-471DE7A82C42}"
EndProject
Global
	GlobalSection(SolutionConfigurationPlatforms) = preSolution
		Debug|Any CPU = Debug|Any CPU
		Release|Any CPU = Release|Any CPU
	EndGlobalSection
	GlobalSection(ProjectConfigurationPlatforms) = postSolution
		{AD056479-2C94-4DBB-B678-471DE7A82C42}.Debug|Any CPU.ActiveCfg = Debug|Any CPU
		{AD056479-2C94-4DBB-B678-471DE7A82C42}.Debug|Any CPU.Build.0 = Debug|Any CPU
		{AD056479-2C94-4DBB-B678-471DE7A82C42}.Release|Any CPU.ActiveCfg = Release|Any CPU
		{AD056479-2C94-4DBB-B678-471DE7A82C42}.Release|Any CPU.Build.0 = Release|Any CPU
		{4C36AA6C-469E-47BA-A699-B3987B6FB3E3}.Debug|Any CPU.ActiveCfg = Debug|Any CPU
		{4C36AA6C-469E-47BA-A699-B3987B6FB3E3}.Debug|Any CPU.Build.0 = Debug|Any CPU
		{4C36AA6C-469E-47BA-A699-B3987B6FB3E3}.Release|Any CPU.ActiveCfg = Release|Any CPU
		{4C36AA6C-469E-47BA-A699-B3987B6FB3E3}.Release|Any CPU.Build.0 = Release|Any CPU
		{1AAC7401-60CB-46BF-9FF0-216342F9EBEE}.Debug|Any CPU.ActiveCfg = Debug|Any CPU
		{1AAC7401-60CB-46BF-9FF0-216342F9EBEE}.Debug|Any CPU.Build.0 = Debug|Any CPU
		{1AAC7401-60CB-46BF-9FF0-216342F9EBEE}.Release|Any CPU.ActiveCfg = Release|Any CPU
		{1AAC7401-60CB-46BF-9FF0-216342F9EBEE}.Release|Any CPU.Build.0 = Release|Any CPU
		{EBA11985-9E23-44B5-84D8-538BEE9FC732}.Debug|Any CPU.ActiveCfg = Debug|Any CPU
		{EBA11985-9E23-44B5-84D8-538BEE9FC732}.Debug|Any CPU.Build.0 = Debug|Any CPU
		{EBA11985-9E23-44B5-84D8-538BEE9FC732}.Release|Any CPU.ActiveCfg = Release|Any CPU
		{EBA11985-9E23-44B5-84D8-538BEE9FC732}.Release|Any CPU.Build.0 = Release|Any CPU
	EndGlobalSection
	GlobalSection(SolutionProperties) = preSolution
		HideSolutionNode = FALSE
	EndGlobalSection
	GlobalSection(ExtensibilityGlobals) = postSolution
		SolutionGuid = {75FB3FF4-242C-402F-B6F8-D69D9A16406F}
	EndGlobalSection
EndGlobal
